
Microsoft Visual Studio Solution File, Format Version 12.00
# Visual Studio Version 17
VisualStudioVersion = 17.0.32112.339
MinimumVisualStudioVersion = 10.0.40219.1
Project("{FAE04EC0-301F-11D3-BF4B-00C04F79EFBC}") = "TenisScoreSpecs", "TenisScoreSpecs\TenisScoreSpecs.csproj", "{EE1589DE-1062-487E-9420-8FB40AC07FCF}"
EndProject
Global
	GlobalSection(SolutionConfigurationPlatforms) = preSolution
		Debug|Any CPU = Debug|Any CPU
		Release|Any CPU = Release|Any CPU
	EndGlobalSection
	GlobalSection(ProjectConfigurationPlatforms) = postSolution
		{EE1589DE-1062-487E-9420-8FB40AC07FCF}.Debug|Any CPU.ActiveCfg = Debug|Any CPU
		{EE1589DE-1062-487E-9420-8FB40AC07FCF}.Debug|Any CPU.Build.0 = Debug|Any CPU
		{EE1589DE-1062-487E-9420-8FB40AC07FCF}.Release|Any CPU.ActiveCfg = Release|Any CPU
		{EE1589DE-1062-487E-9420-8FB40AC07FCF}.Release|Any CPU.Build.0 = Release|Any CPU
	EndGlobalSection
	GlobalSection(SolutionProperties) = preSolution
		HideSolutionNode = FALSE
	EndGlobalSection
	GlobalSection(ExtensibilityGlobals) = postSolution
		SolutionGuid = {48E2EE24-7751-4C91-95BD-374EA1FAE4EC}
	EndGlobalSection
EndGlobal
